
Microsoft Visual Studio Solution File, Format Version 12.00
# Visual Studio Version 17
VisualStudioVersion = 17.0.31903.59
MinimumVisualStudioVersion = 10.0.40219.1
Project("{FAE04EC0-301F-11D3-BF4B-00C04F79EFBC}") = "WinKeyerEmulator.Core", "src\WinKeyerEmulator.Core\WinKeyerEmulator.Core.csproj", "{A1B2C3D4-1111-1111-1111-000000000001}"
EndProject
Project("{FAE04EC0-301F-11D3-BF4B-00C04F79EFBC}") = "WinKeyerEmulator.App", "src\WinKeyerEmulator.App\WinKeyerEmulator.App.csproj", "{A1B2C3D4-2222-2222-2222-000000000002}"
EndProject
Project("{FAE04EC0-301F-11D3-BF4B-00C04F79EFBC}") = "WinKeyerEmulator.Core.Tests", "tests\WinKeyerEmulator.Core.Tests\WinKeyerEmulator.Core.Tests.csproj", "{A1B2C3D4-3333-3333-3333-000000000003}"
EndProject
Project("{FAE04EC0-301F-11D3-BF4B-00C04F79EFBC}") = "WinKeyerEmulator.Integration.Tests", "tests\WinKeyerEmulator.Integration.Tests\WinKeyerEmulator.Integration.Tests.csproj", "{A1B2C3D4-4444-4444-4444-000000000004}"
EndProject
Project("{2150E333-8FDC-42A3-9474-1A3956D46DE8}") = "src", "src", "{E0000001-0000-0000-0000-000000000001}"
EndProject
Project("{2150E333-8FDC-42A3-9474-1A3956D46DE8}") = "tests", "tests", "{E0000002-0000-0000-0000-000000000002}"
EndProject
Project("{FAE04EC0-301F-11D3-BF4B-00C04F79EFBC}") = "WKRClient", "src\WKRClient\WKRClient.csproj", "{EA0CF152-0FCA-45DD-8AD4-D611655AB9AC}"
EndProject
Project("{FAE04EC0-301F-11D3-BF4B-00C04F79EFBC}") = "RWK.Shared", "src\RWK.Shared\RWK.Shared.csproj", "{B7A1C2D3-5555-5555-5555-000000000005}"
EndProject
Project("{FAE04EC0-301F-11D3-BF4B-00C04F79EFBC}") = "RWK.Shared.Tests", "tests\RWK.Shared.Tests\RWK.Shared.Tests.csproj", "{B7A1C2D3-6666-6666-6666-000000000006}"
EndProject
Project("{FAE04EC0-301F-11D3-BF4B-00C04F79EFBC}") = "RWK.Client", "src\RWK.Client\RWK.Client.csproj", "{2F86D04D-C8DF-4AEA-B4B9-03748E99FA65}"
EndProject
Project("{FAE04EC0-301F-11D3-BF4B-00C04F79EFBC}") = "RWK.Station", "src\RWK.Station\RWK.Station.csproj", "{13A62C78-CE5C-4C7F-8524-468B2B05573B}"
EndProject
Project("{FAE04EC0-301F-11D3-BF4B-00C04F79EFBC}") = "RWK.Client.Tests", "tests\RWK.Client.Tests\RWK.Client.Tests.csproj", "{B1735C5B-24A8-463B-AEEA-5A2192C79146}"
EndProject
Project("{FAE04EC0-301F-11D3-BF4B-00C04F79EFBC}") = "RWK.Station.Tests", "tests\RWK.Station.Tests\RWK.Station.Tests.csproj", "{B866FE14-E26E-4436-ADF1-2ACFD99659A9}"
EndProject
Project("{FAE04EC0-301F-11D3-BF4B-00C04F79EFBC}") = "RWK.LiveNetwork.Tests", "tests\RWK.LiveNetwork.Tests\RWK.LiveNetwork.Tests.csproj", "{224A0FC8-009B-457E-9190-E8379D351526}"
EndProject
Project("{FAE04EC0-301F-11D3-BF4B-00C04F79EFBC}") = "RWK.Integration.Tests", "tests\RWK.Integration.Tests\RWK.Integration.Tests.csproj", "{E90DF993-FD66-414C-9683-C456E6898400}"
EndProject
Global
	GlobalSection(SolutionConfigurationPlatforms) = preSolution
		Debug|Any CPU = Debug|Any CPU
		Debug|x64 = Debug|x64
		Debug|x86 = Debug|x86
		Release|Any CPU = Release|Any CPU
		Release|x64 = Release|x64
		Release|x86 = Release|x86
	EndGlobalSection
	GlobalSection(ProjectConfigurationPlatforms) = postSolution
		{A1B2C3D4-1111-1111-1111-000000000001}.Debug|Any CPU.ActiveCfg = Debug|Any CPU
		{A1B2C3D4-1111-1111-1111-000000000001}.Debug|Any CPU.Build.0 = Debug|Any CPU
		{A1B2C3D4-1111-1111-1111-000000000001}.Debug|x64.ActiveCfg = Debug|Any CPU
		{A1B2C3D4-1111-1111-1111-000000000001}.Debug|x64.Build.0 = Debug|Any CPU
		{A1B2C3D4-1111-1111-1111-000000000001}.Debug|x86.ActiveCfg = Debug|Any CPU
		{A1B2C3D4-1111-1111-1111-000000000001}.Debug|x86.Build.0 = Debug|Any CPU
		{A1B2C3D4-1111-1111-1111-000000000001}.Release|Any CPU.ActiveCfg = Release|Any CPU
		{A1B2C3D4-1111-1111-1111-000000000001}.Release|Any CPU.Build.0 = Release|Any CPU
		{A1B2C3D4-1111-1111-1111-000000000001}.Release|x64.ActiveCfg = Release|Any CPU
		{A1B2C3D4-1111-1111-1111-000000000001}.Release|x64.Build.0 = Release|Any CPU
		{A1B2C3D4-1111-1111-1111-000000000001}.Release|x86.ActiveCfg = Release|Any CPU
		{A1B2C3D4-1111-1111-1111-000000000001}.Release|x86.Build.0 = Release|Any CPU
		{A1B2C3D4-2222-2222-2222-000000000002}.Debug|Any CPU.ActiveCfg = Debug|Any CPU
		{A1B2C3D4-2222-2222-2222-000000000002}.Debug|Any CPU.Build.0 = Debug|Any CPU
		{A1B2C3D4-2222-2222-2222-000000000002}.Debug|x64.ActiveCfg = Debug|Any CPU
		{A1B2C3D4-2222-2222-2222-000000000002}.Debug|x64.Build.0 = Debug|Any CPU
		{A1B2C3D4-2222-2222-2222-000000000002}.Debug|x86.ActiveCfg = Debug|Any CPU
		{A1B2C3D4-2222-2222-2222-000000000002}.Debug|x86.Build.0 = Debug|Any CPU
		{A1B2C3D4-2222-2222-2222-000000000002}.Release|Any CPU.ActiveCfg = Release|Any CPU
		{A1B2C3D4-2222-2222-2222-000000000002}.Release|Any CPU.Build.0 = Release|Any CPU
		{A1B2C3D4-2222-2222-2222-000000000002}.Release|x64.ActiveCfg = Release|Any CPU
		{A1B2C3D4-2222-2222-2222-000000000002}.Release|x64.Build.0 = Release|Any CPU
		{A1B2C3D4-2222-2222-2222-000000000002}.Release|x86.ActiveCfg = Release|Any CPU
		{A1B2C3D4-2222-2222-2222-000000000002}.Release|x86.Build.0 = Release|Any CPU
		{A1B2C3D4-3333-3333-3333-000000000003}.Debug|Any CPU.ActiveCfg = Debug|Any CPU
		{A1B2C3D4-3333-3333-3333-000000000003}.Debug|Any CPU.Build.0 = Debug|Any CPU
		{A1B2C3D4-3333-3333-3333-000000000003}.Debug|x64.ActiveCfg = Debug|Any CPU
		{A1B2C3D4-3333-3333-3333-000000000003}.Debug|x64.Build.0 = Debug|Any CPU
		{A1B2C3D4-3333-3333-3333-000000000003}.Debug|x86.ActiveCfg = Debug|Any CPU
		{A1B2C3D4-3333-3333-3333-000000000003}.Debug|x86.Build.0 = Debug|Any CPU
		{A1B2C3D4-3333-3333-3333-000000000003}.Release|Any CPU.ActiveCfg = Release|Any CPU
		{A1B2C3D4-3333-3333-3333-000000000003}.Release|Any CPU.Build.0 = Release|Any CPU
		{A1B2C3D4-3333-3333-3333-000000000003}.Release|x64.ActiveCfg = Release|Any CPU
		{A1B2C3D4-3333-3333-3333-000000000003}.Release|x64.Build.0 = Release|Any CPU
		{A1B2C3D4-3333-3333-3333-000000000003}.Release|x86.ActiveCfg = Release|Any CPU
		{A1B2C3D4-3333-3333-3333-000000000003}.Release|x86.Build.0 = Release|Any CPU
		{A1B2C3D4-4444-4444-4444-000000000004}.Debug|Any CPU.ActiveCfg = Debug|Any CPU
		{A1B2C3D4-4444-4444-4444-000000000004}.Debug|Any CPU.Build.0 = Debug|Any CPU
		{A1B2C3D4-4444-4444-4444-000000000004}.Debug|x64.ActiveCfg = Debug|Any CPU
		{A1B2C3D4-4444-4444-4444-000000000004}.Debug|x64.Build.0 = Debug|Any CPU
		{A1B2C3D4-4444-4444-4444-000000000004}.Debug|x86.ActiveCfg = Debug|Any CPU
		{A1B2C3D4-4444-4444-4444-000000000004}.Debug|x86.Build.0 = Debug|Any CPU
		{A1B2C3D4-4444-4444-4444-000000000004}.Release|Any CPU.ActiveCfg = Release|Any CPU
		{A1B2C3D4-4444-4444-4444-000000000004}.Release|Any CPU.Build.0 = Release|Any CPU
		{A1B2C3D4-4444-4444-4444-000000000004}.Release|x64.ActiveCfg = Release|Any CPU
		{A1B2C3D4-4444-4444-4444-000000000004}.Release|x64.Build.0 = Release|Any CPU
		{A1B2C3D4-4444-4444-4444-000000000004}.Release|x86.ActiveCfg = Release|Any CPU
		{A1B2C3D4-4444-4444-4444-000000000004}.Release|x86.Build.0 = Release|Any CPU
		{EA0CF152-0FCA-45DD-8AD4-D611655AB9AC}.Debug|Any CPU.ActiveCfg = Debug|Any CPU
		{EA0CF152-0FCA-45DD-8AD4-D611655AB9AC}.Debug|Any CPU.Build.0 = Debug|Any CPU
		{EA0CF152-0FCA-45DD-8AD4-D611655AB9AC}.Debug|x64.ActiveCfg = Debug|Any CPU
		{EA0CF152-0FCA-45DD-8AD4-D611655AB9AC}.Debug|x64.Build.0 = Debug|Any CPU
		{EA0CF152-0FCA-45DD-8AD4-D611655AB9AC}.Debug|x86.ActiveCfg = Debug|Any CPU
		{EA0CF152-0FCA-45DD-8AD4-D611655AB9AC}.Debug|x86.Build.0 = Debug|Any CPU
		{EA0CF152-0FCA-45DD-8AD4-D611655AB9AC}.Release|Any CPU.ActiveCfg = Release|Any CPU
		{EA0CF152-0FCA-45DD-8AD4-D611655AB9AC}.Release|Any CPU.Build.0 = Release|Any CPU
		{EA0CF152-0FCA-45DD-8AD4-D611655AB9AC}.Release|x64.ActiveCfg = Release|Any CPU
		{EA0CF152-0FCA-45DD-8AD4-D611655AB9AC}.Release|x64.Build.0 = Release|Any CPU
		{EA0CF152-0FCA-45DD-8AD4-D611655AB9AC}.Release|x86.ActiveCfg = Release|Any CPU
		{EA0CF152-0FCA-45DD-8AD4-D611655AB9AC}.Release|x86.Build.0 = Release|Any CPU
		{B7A1C2D3-5555-5555-5555-000000000005}.Debug|Any CPU.ActiveCfg = Debug|Any CPU
		{B7A1C2D3-5555-5555-5555-000000000005}.Debug|Any CPU.Build.0 = Debug|Any CPU
		{B7A1C2D3-5555-5555-5555-000000000005}.Debug|x64.ActiveCfg = Debug|Any CPU
		{B7A1C2D3-5555-5555-5555-000000000005}.Debug|x64.Build.0 = Debug|Any CPU
		{B7A1C2D3-5555-5555-5555-000000000005}.Debug|x86.ActiveCfg = Debug|Any CPU
		{B7A1C2D3-5555-5555-5555-000000000005}.Debug|x86.Build.0 = Debug|Any CPU
		{B7A1C2D3-5555-5555-5555-000000000005}.Release|Any CPU.ActiveCfg = Release|Any CPU
		{B7A1C2D3-5555-5555-5555-000000000005}.Release|Any CPU.Build.0 = Release|Any CPU
		{B7A1C2D3-5555-5555-5555-000000000005}.Release|x64.ActiveCfg = Release|Any CPU
		{B7A1C2D3-5555-5555-5555-000000000005}.Release|x64.Build.0 = Release|Any CPU
		{B7A1C2D3-5555-5555-5555-000000000005}.Release|x86.ActiveCfg = Release|Any CPU
		{B7A1C2D3-5555-5555-5555-000000000005}.Release|x86.Build.0 = Release|Any CPU
		{B7A1C2D3-6666-6666-6666-000000000006}.Debug|Any CPU.ActiveCfg = Debug|Any CPU
		{B7A1C2D3-6666-6666-6666-000000000006}.Debug|Any CPU.Build.0 = Debug|Any CPU
		{B7A1C2D3-6666-6666-6666-000000000006}.Debug|x64.ActiveCfg = Debug|Any CPU
		{B7A1C2D3-6666-6666-6666-000000000006}.Debug|x64.Build.0 = Debug|Any CPU
		{B7A1C2D3-6666-6666-6666-000000000006}.Debug|x86.ActiveCfg = Debug|Any CPU
		{B7A1C2D3-6666-6666-6666-000000000006}.Debug|x86.Build.0 = Debug|Any CPU
		{B7A1C2D3-6666-6666-6666-000000000006}.Release|Any CPU.ActiveCfg = Release|Any CPU
		{B7A1C2D3-6666-6666-6666-000000000006}.Release|Any CPU.Build.0 = Release|Any CPU
		{B7A1C2D3-6666-6666-6666-000000000006}.Release|x64.ActiveCfg = Release|Any CPU
		{B7A1C2D3-6666-6666-6666-000000000006}.Release|x64.Build.0 = Release|Any CPU
		{B7A1C2D3-6666-6666-6666-000000000006}.Release|x86.ActiveCfg = Release|Any CPU
		{B7A1C2D3-6666-6666-6666-000000000006}.Release|x86.Build.0 = Release|Any CPU
		{2F86D04D-C8DF-4AEA-B4B9-03748E99FA65}.Debug|Any CPU.ActiveCfg = Debug|Any CPU
		{2F86D04D-C8DF-4AEA-B4B9-03748E99FA65}.Debug|Any CPU.Build.0 = Debug|Any CPU
		{2F86D04D-C8DF-4AEA-B4B9-03748E99FA65}.Debug|x64.ActiveCfg = Debug|Any CPU
		{2F86D04D-C8DF-4AEA-B4B9-03748E99FA65}.Debug|x64.Build.0 = Debug|Any CPU
		{2F86D04D-C8DF-4AEA-B4B9-03748E99FA65}.Debug|x86.ActiveCfg = Debug|Any CPU
		{2F86D04D-C8DF-4AEA-B4B9-03748E99FA65}.Debug|x86.Build.0 = Debug|Any CPU
		{2F86D04D-C8DF-4AEA-B4B9-03748E99FA65}.Release|Any CPU.ActiveCfg = Release|Any CPU
		{2F86D04D-C8DF-4AEA-B4B9-03748E99FA65}.Release|Any CPU.Build.0 = Release|Any CPU
		{2F86D04D-C8DF-4AEA-B4B9-03748E99FA65}.Release|x64.ActiveCfg = Release|Any CPU
		{2F86D04D-C8DF-4AEA-B4B9-03748E99FA65}.Release|x64.Build.0 = Release|Any CPU
		{2F86D04D-C8DF-4AEA-B4B9-03748E99FA65}.Release|x86.ActiveCfg = Release|Any CPU
		{2F86D04D-C8DF-4AEA-B4B9-03748E99FA65}.Release|x86.Build.0 = Release|Any CPU
		{13A62C78-CE5C-4C7F-8524-468B2B05573B}.Debug|Any CPU.ActiveCfg = Debug|Any CPU
		{13A62C78-CE5C-4C7F-8524-468B2B05573B}.Debug|Any CPU.Build.0 = Debug|Any CPU
		{13A62C78-CE5C-4C7F-8524-468B2B05573B}.Debug|x64.ActiveCfg = Debug|Any CPU
		{13A62C78-CE5C-4C7F-8524-468B2B05573B}.Debug|x64.Build.0 = Debug|Any CPU
		{13A62C78-CE5C-4C7F-8524-468B2B05573B}.Debug|x86.ActiveCfg = Debug|Any CPU
		{13A62C78-CE5C-4C7F-8524-468B2B05573B}.Debug|x86.Build.0 = Debug|Any CPU
		{13A62C78-CE5C-4C7F-8524-468B2B05573B}.Release|Any CPU.ActiveCfg = Release|Any CPU
		{13A62C78-CE5C-4C7F-8524-468B2B05573B}.Release|Any CPU.Build.0 = Release|Any CPU
		{13A62C78-CE5C-4C7F-8524-468B2B05573B}.Release|x64.ActiveCfg = Release|Any CPU
		{13A62C78-CE5C-4C7F-8524-468B2B05573B}.Release|x64.Build.0 = Release|Any CPU
		{13A62C78-CE5C-4C7F-8524-468B2B05573B}.Release|x86.ActiveCfg = Release|Any CPU
		{13A62C78-CE5C-4C7F-8524-468B2B05573B}.Release|x86.Build.0 = Release|Any CPU
		{B1735C5B-24A8-463B-AEEA-5A2192C79146}.Debug|Any CPU.ActiveCfg = Debug|Any CPU
		{B1735C5B-24A8-463B-AEEA-5A2192C79146}.Debug|Any CPU.Build.0 = Debug|Any CPU
		{B1735C5B-24A8-463B-AEEA-5A2192C79146}.Debug|x64.ActiveCfg = Debug|Any CPU
		{B1735C5B-24A8-463B-AEEA-5A2192C79146}.Debug|x64.Build.0 = Debug|Any CPU
		{B1735C5B-24A8-463B-AEEA-5A2192C79146}.Debug|x86.ActiveCfg = Debug|Any CPU
		{B1735C5B-24A8-463B-AEEA-5A2192C79146}.Debug|x86.Build.0 = Debug|Any CPU
		{B1735C5B-24A8-463B-AEEA-5A2192C79146}.Release|Any CPU.ActiveCfg = Release|Any CPU
		{B1735C5B-24A8-463B-AEEA-5A2192C79146}.Release|Any CPU.Build.0 = Release|Any CPU
		{B1735C5B-24A8-463B-AEEA-5A2192C79146}.Release|x64.ActiveCfg = Release|Any CPU
		{B1735C5B-24A8-463B-AEEA-5A2192C79146}.Release|x64.Build.0 = Release|Any CPU
		{B1735C5B-24A8-463B-AEEA-5A2192C79146}.Release|x86.ActiveCfg = Release|Any CPU
		{B1735C5B-24A8-463B-AEEA-5A2192C79146}.Release|x86.Build.0 = Release|Any CPU
		{B866FE14-E26E-4436-ADF1-2ACFD99659A9}.Debug|Any CPU.ActiveCfg = Debug|Any CPU
		{B866FE14-E26E-4436-ADF1-2ACFD99659A9}.Debug|Any CPU.Build.0 = Debug|Any CPU
		{B866FE14-E26E-4436-ADF1-2ACFD99659A9}.Debug|x64.ActiveCfg = Debug|Any CPU
		{B866FE14-E26E-4436-ADF1-2ACFD99659A9}.Debug|x64.Build.0 = Debug|Any CPU
		{B866FE14-E26E-4436-ADF1-2ACFD99659A9}.Debug|x86.ActiveCfg = Debug|Any CPU
		{B866FE14-E26E-4436-ADF1-2ACFD99659A9}.Debug|x86.Build.0 = Debug|Any CPU
		{B866FE14-E26E-4436-ADF1-2ACFD99659A9}.Release|Any CPU.ActiveCfg = Release|Any CPU
		{B866FE14-E26E-4436-ADF1-2ACFD99659A9}.Release|Any CPU.Build.0 = Release|Any CPU
		{B866FE14-E26E-4436-ADF1-2ACFD99659A9}.Release|x64.ActiveCfg = Release|Any CPU
		{B866FE14-E26E-4436-ADF1-2ACFD99659A9}.Release|x64.Build.0 = Release|Any CPU
		{B866FE14-E26E-4436-ADF1-2ACFD99659A9}.Release|x86.ActiveCfg = Release|Any CPU
		{B866FE14-E26E-4436-ADF1-2ACFD99659A9}.Release|x86.Build.0 = Release|Any CPU
		{224A0FC8-009B-457E-9190-E8379D351526}.Debug|Any CPU.ActiveCfg = Debug|Any CPU
		{224A0FC8-009B-457E-9190-E8379D351526}.Debug|Any CPU.Build.0 = Debug|Any CPU
		{224A0FC8-009B-457E-9190-E8379D351526}.Debug|x64.ActiveCfg = Debug|Any CPU
		{224A0FC8-009B-457E-9190-E8379D351526}.Debug|x64.Build.0 = Debug|Any CPU
		{224A0FC8-009B-457E-9190-E8379D351526}.Debug|x86.ActiveCfg = Debug|Any CPU
		{224A0FC8-009B-457E-9190-E8379D351526}.Debug|x86.Build.0 = Debug|Any CPU
		{224A0FC8-009B-457E-9190-E8379D351526}.Release|Any CPU.ActiveCfg = Release|Any CPU
		{224A0FC8-009B-457E-9190-E8379D351526}.Release|Any CPU.Build.0 = Release|Any CPU
		{224A0FC8-009B-457E-9190-E8379D351526}.Release|x64.ActiveCfg = Release|Any CPU
		{224A0FC8-009B-457E-9190-E8379D351526}.Release|x64.Build.0 = Release|Any CPU
		{224A0FC8-009B-457E-9190-E8379D351526}.Release|x86.ActiveCfg = Release|Any CPU
		{224A0FC8-009B-457E-9190-E8379D351526}.Release|x86.Build.0 = Release|Any CPU
		{E90DF993-FD66-414C-9683-C456E6898400}.Debug|Any CPU.ActiveCfg = Debug|Any CPU
		{E90DF993-FD66-414C-9683-C456E6898400}.Debug|Any CPU.Build.0 = Debug|Any CPU
		{E90DF993-FD66-414C-9683-C456E6898400}.Debug|x64.ActiveCfg = Debug|Any CPU
		{E90DF993-FD66-414C-9683-C456E6898400}.Debug|x64.Build.0 = Debug|Any CPU
		{E90DF993-FD66-414C-9683-C456E6898400}.Debug|x86.ActiveCfg = Debug|Any CPU
		{E90DF993-FD66-414C-9683-C456E6898400}.Debug|x86.Build.0 = Debug|Any CPU
		{E90DF993-FD66-414C-9683-C456E6898400}.Release|Any CPU.ActiveCfg = Release|Any CPU
		{E90DF993-FD66-414C-9683-C456E6898400}.Release|Any CPU.Build.0 = Release|Any CPU
		{E90DF993-FD66-414C-9683-C456E6898400}.Release|x64.ActiveCfg = Release|Any CPU
		{E90DF993-FD66-414C-9683-C456E6898400}.Release|x64.Build.0 = Release|Any CPU
		{E90DF993-FD66-414C-9683-C456E6898400}.Release|x86.ActiveCfg = Release|Any CPU
		{E90DF993-FD66-414C-9683-C456E6898400}.Release|x86.Build.0 = Release|Any CPU
	EndGlobalSection
	GlobalSection(SolutionProperties) = preSolution
		HideSolutionNode = FALSE
	EndGlobalSection
	GlobalSection(NestedProjects) = preSolution
		{A1B2C3D4-1111-1111-1111-000000000001} = {E0000001-0000-0000-0000-000000000001}
		{A1B2C3D4-2222-2222-2222-000000000002} = {E0000001-0000-0000-0000-000000000001}
		{A1B2C3D4-3333-3333-3333-000000000003} = {E0000002-0000-0000-0000-000000000002}
		{A1B2C3D4-4444-4444-4444-000000000004} = {E0000002-0000-0000-0000-000000000002}
		{EA0CF152-0FCA-45DD-8AD4-D611655AB9AC} = {E0000001-0000-0000-0000-000000000001}
		{B7A1C2D3-5555-5555-5555-000000000005} = {E0000001-0000-0000-0000-000000000001}
		{B7A1C2D3-6666-6666-6666-000000000006} = {E0000002-0000-0000-0000-000000000002}
		{2F86D04D-C8DF-4AEA-B4B9-03748E99FA65} = {E0000001-0000-0000-0000-000000000001}
		{13A62C78-CE5C-4C7F-8524-468B2B05573B} = {E0000001-0000-0000-0000-000000000001}
		{B1735C5B-24A8-463B-AEEA-5A2192C79146} = {E0000002-0000-0000-0000-000000000002}
		{B866FE14-E26E-4436-ADF1-2ACFD99659A9} = {E0000002-0000-0000-0000-000000000002}
		{224A0FC8-009B-457E-9190-E8379D351526} = {E0000002-0000-0000-0000-000000000002}
		{E90DF993-FD66-414C-9683-C456E6898400} = {E0000002-0000-0000-0000-000000000002}
	EndGlobalSection
EndGlobal
